
Microsoft Visual Studio Solution File, Format Version 12.00
# Visual Studio 2015
Project("{FAE04EC0-301F-11D3-BF4B-00C04F79EFBC}") = "UnityVoxel.CSharp.Plugins", "UnityVoxel.CSharp.Plugins.csproj", "{B8618753-E7F2-003E-CEC6-5247B3B53353}"
EndProject
Project("{FAE04EC0-301F-11D3-BF4B-00C04F79EFBC}") = "UnityVoxel.CSharp", "UnityVoxel.CSharp.csproj", "{BD94040D-DE3F-D027-14B4-D586AE4EAB70}"
EndProject
Project("{FAE04EC0-301F-11D3-BF4B-00C04F79EFBC}") = "UnityVoxel.CSharp.Editor", "UnityVoxel.CSharp.Editor.csproj", "{3A4005D4-657F-F608-EDB6-9691C7C4E305}"
EndProject
Global
	GlobalSection(SolutionConfigurationPlatforms) = preSolution
		Debug|Any CPU = Debug|Any CPU
		Release|Any CPU = Release|Any CPU
	EndGlobalSection
	GlobalSection(ProjectConfigurationPlatforms) = postSolution
		{B8618753-E7F2-003E-CEC6-5247B3B53353}.Debug|Any CPU.ActiveCfg = Debug|Any CPU
		{B8618753-E7F2-003E-CEC6-5247B3B53353}.Debug|Any CPU.Build.0 = Debug|Any CPU
		{B8618753-E7F2-003E-CEC6-5247B3B53353}.Release|Any CPU.ActiveCfg = Release|Any CPU
		{B8618753-E7F2-003E-CEC6-5247B3B53353}.Release|Any CPU.Build.0 = Release|Any CPU
		{BD94040D-DE3F-D027-14B4-D586AE4EAB70}.Debug|Any CPU.ActiveCfg = Debug|Any CPU
		{BD94040D-DE3F-D027-14B4-D586AE4EAB70}.Debug|Any CPU.Build.0 = Debug|Any CPU
		{BD94040D-DE3F-D027-14B4-D586AE4EAB70}.Release|Any CPU.ActiveCfg = Release|Any CPU
		{BD94040D-DE3F-D027-14B4-D586AE4EAB70}.Release|Any CPU.Build.0 = Release|Any CPU
		{3A4005D4-657F-F608-EDB6-9691C7C4E305}.Debug|Any CPU.ActiveCfg = Debug|Any CPU
		{3A4005D4-657F-F608-EDB6-9691C7C4E305}.Debug|Any CPU.Build.0 = Debug|Any CPU
		{3A4005D4-657F-F608-EDB6-9691C7C4E305}.Release|Any CPU.ActiveCfg = Release|Any CPU
		{3A4005D4-657F-F608-EDB6-9691C7C4E305}.Release|Any CPU.Build.0 = Release|Any CPU
	EndGlobalSection
	GlobalSection(SolutionProperties) = preSolution
		HideSolutionNode = FALSE
	EndGlobalSection
EndGlobal
