
Microsoft Visual Studio Solution File, Format Version 12.00
# Visual Studio 2015
Project("{FAE04EC0-301F-11D3-BF4B-00C04F79EFBC}") = "Voxel.CSharp.Plugins", "Voxel.CSharp.Plugins.csproj", "{6195A0ED-2F1A-C15E-6856-228AF98FBD03}"
EndProject
Project("{FAE04EC0-301F-11D3-BF4B-00C04F79EFBC}") = "Voxel.CSharp", "Voxel.CSharp.csproj", "{81F88BE3-30C1-6BFB-083C-D35231722E43}"
EndProject
Project("{FAE04EC0-301F-11D3-BF4B-00C04F79EFBC}") = "Voxel.CSharp.Editor", "Voxel.CSharp.Editor.csproj", "{B127E0BA-5AA8-DE1E-A646-EBAD8542FA36}"
EndProject
Global
	GlobalSection(SolutionConfigurationPlatforms) = preSolution
		Debug|Any CPU = Debug|Any CPU
		Release|Any CPU = Release|Any CPU
	EndGlobalSection
	GlobalSection(ProjectConfigurationPlatforms) = postSolution
		{6195A0ED-2F1A-C15E-6856-228AF98FBD03}.Debug|Any CPU.ActiveCfg = Debug|Any CPU
		{6195A0ED-2F1A-C15E-6856-228AF98FBD03}.Debug|Any CPU.Build.0 = Debug|Any CPU
		{6195A0ED-2F1A-C15E-6856-228AF98FBD03}.Release|Any CPU.ActiveCfg = Release|Any CPU
		{6195A0ED-2F1A-C15E-6856-228AF98FBD03}.Release|Any CPU.Build.0 = Release|Any CPU
		{81F88BE3-30C1-6BFB-083C-D35231722E43}.Debug|Any CPU.ActiveCfg = Debug|Any CPU
		{81F88BE3-30C1-6BFB-083C-D35231722E43}.Debug|Any CPU.Build.0 = Debug|Any CPU
		{81F88BE3-30C1-6BFB-083C-D35231722E43}.Release|Any CPU.ActiveCfg = Release|Any CPU
		{81F88BE3-30C1-6BFB-083C-D35231722E43}.Release|Any CPU.Build.0 = Release|Any CPU
		{B127E0BA-5AA8-DE1E-A646-EBAD8542FA36}.Debug|Any CPU.ActiveCfg = Debug|Any CPU
		{B127E0BA-5AA8-DE1E-A646-EBAD8542FA36}.Debug|Any CPU.Build.0 = Debug|Any CPU
		{B127E0BA-5AA8-DE1E-A646-EBAD8542FA36}.Release|Any CPU.ActiveCfg = Release|Any CPU
		{B127E0BA-5AA8-DE1E-A646-EBAD8542FA36}.Release|Any CPU.Build.0 = Release|Any CPU
	EndGlobalSection
	GlobalSection(SolutionProperties) = preSolution
		HideSolutionNode = FALSE
	EndGlobalSection
EndGlobal
